dependencies:
- name: base
  repository: ""
  version: 0.1.21
- name: kube-prometheus-stack
  repository: https://prometheus-community.github.io/helm-charts
  version: 66.2.1
digest: sha256:67e95effd81d9f56dbdc017659fa02204ab44a6879533a332c6d8d5d189aaacb
generated: "2026-02-19T20:43:00.866399+05:30"
